
Microsoft Visual Studio Solution File, Format Version 12.00
# Visual Studio 15
Project("{FAE04EC0-301F-11D3-BF4B-00C04F79EFBC}") = "Ddd.EfCore", "Ddd.EfCore\Ddd.EfCore.csproj", "{B1A3851F-F75F-4B89-9906-14B8A86A7ED6}"
EndProject
Project("{2150E333-8FDC-42A3-9474-1A3956D46DE8}") = "Itens da Solução", "Itens da Solução", "{3369A150-BA4F-4A31-A57D-E1331CE472BE}"
	ProjectSection(SolutionItems) = preProject
		.editorconfig = .editorconfig
	EndProjectSection
EndProject
Global
	GlobalSection(SolutionConfigurationPlatforms) = preSolution
		Debug|Any CPU = Debug|Any CPU
		Release|Any CPU = Release|Any CPU
	EndGlobalSection
	GlobalSection(ProjectConfigurationPlatforms) = postSolution
		{B1A3851F-F75F-4B89-9906-14B8A86A7ED6}.Debug|Any CPU.ActiveCfg = Debug|Any CPU
		{B1A3851F-F75F-4B89-9906-14B8A86A7ED6}.Debug|Any CPU.Build.0 = Debug|Any CPU
		{B1A3851F-F75F-4B89-9906-14B8A86A7ED6}.Release|Any CPU.ActiveCfg = Release|Any CPU
		{B1A3851F-F75F-4B89-9906-14B8A86A7ED6}.Release|Any CPU.Build.0 = Release|Any CPU
	EndGlobalSection
EndGlobal
